
Microsoft Visual Studio Solution File, Format Version 12.00
# Visual Studio Express 14 for Windows Desktop
VisualStudioVersion = 14.0.23107.0
MinimumVisualStudioVersion = 10.0.40219.1
Project("{FAE04EC0-301F-11D3-BF4B-00C04F79EFBC}") = "Centi to Feet and inches Converter", "Centi to Feet and inches Converter.csproj", "{F513980F-A429-48E7-AA65-1CC82471F043}"
EndProject
Global
	GlobalSection(SolutionConfigurationPlatforms) = preSolution
		Debug|Any CPU = Debug|Any CPU
		Release|Any CPU = Release|Any CPU
	EndGlobalSection
	GlobalSection(ProjectConfigurationPlatforms) = postSolution
		{F513980F-A429-48E7-AA65-1CC82471F043}.Debug|Any CPU.ActiveCfg = Debug|Any CPU
		{F513980F-A429-48E7-AA65-1CC82471F043}.Debug|Any CPU.Build.0 = Debug|Any CPU
		{F513980F-A429-48E7-AA65-1CC82471F043}.Release|Any CPU.ActiveCfg = Release|Any CPU
		{F513980F-A429-48E7-AA65-1CC82471F043}.Release|Any CPU.Build.0 = Release|Any CPU
	EndGlobalSection
	GlobalSection(SolutionProperties) = preSolution
		HideSolutionNode = FALSE
	EndGlobalSection
EndGlobal
